
Microsoft Visual Studio Solution File, Format Version 12.00
# Visual Studio Version 17
VisualStudioVersion = 17.6.33815.320
MinimumVisualStudioVersion = 10.0.40219.1
Project("{2150E333-8FDC-42A3-9474-1A3956D46DE8}") = "src", "src", "{26E88FB6-964F-4309-BF73-EB082F2087B4}"
EndProject
Project("{2150E333-8FDC-42A3-9474-1A3956D46DE8}") = "tests", "tests", "{61C554FB-3C43-4807-8CC7-F9E4E3B9C21B}"
EndProject
Project("{FAE04EC0-301F-11D3-BF4B-00C04F79EFBC}") = "RateLimitedApi", "src\RateLimitedApi\RateLimitedApi.csproj", "{F5770FAD-70F4-4A32-B142-73947D0723A7}"
EndProject
Project("{2150E333-8FDC-42A3-9474-1A3956D46DE8}") = "docs", "docs", "{75AC1133-BBAB-4FB2-9CD4-82FC1B8C5FDC}"
	ProjectSection(SolutionItems) = preProject
		docs\README.md = docs\README.md
	EndProjectSection
EndProject
Global
	GlobalSection(SolutionConfigurationPlatforms) = preSolution
		Debug|Any CPU = Debug|Any CPU
		Release|Any CPU = Release|Any CPU
	EndGlobalSection
	GlobalSection(ProjectConfigurationPlatforms) = postSolution
		{F5770FAD-70F4-4A32-B142-73947D0723A7}.Debug|Any CPU.ActiveCfg = Debug|Any CPU
		{F5770FAD-70F4-4A32-B142-73947D0723A7}.Debug|Any CPU.Build.0 = Debug|Any CPU
		{F5770FAD-70F4-4A32-B142-73947D0723A7}.Release|Any CPU.ActiveCfg = Release|Any CPU
		{F5770FAD-70F4-4A32-B142-73947D0723A7}.Release|Any CPU.Build.0 = Release|Any CPU
	EndGlobalSection
	GlobalSection(SolutionProperties) = preSolution
		HideSolutionNode = FALSE
	EndGlobalSection
	GlobalSection(NestedProjects) = preSolution
		{F5770FAD-70F4-4A32-B142-73947D0723A7} = {26E88FB6-964F-4309-BF73-EB082F2087B4}
	EndGlobalSection
	GlobalSection(ExtensibilityGlobals) = postSolution
		SolutionGuid = {22C6A090-9D27-45D6-9556-843220B93EE7}
	EndGlobalSection
EndGlobal
